// !$*UTF8*$!
{
	archiveVersion = 1;
	classes = {
	};
	objectVersion = 50;
	objects = {

/* Begin PBXBuildFile section */
		3B0EB3D8231EF80300938605 /* SignUpViewController.swift in Sources */ = {isa = PBXBuildFile; fileRef = 3B0EB3D7231EF80300938605 /* SignUpViewController.swift */; };
		3B0EB3DB231EFB0E00938605 /* OnboardingStoryboard.storyboard in Resources */ = {isa = PBXBuildFile; fileRef = 3B0EB3DD231EFB0E00938605 /* OnboardingStoryboard.storyboard */; };
		3B7FCD04230C7A260032D248 /* AppDelegate.swift in Sources */ = {isa = PBXBuildFile; fileRef = 3B7FCD03230C7A260032D248 /* AppDelegate.swift */; };
		3B7FCD09230C7A260032D248 /* Main.storyboard in Resources */ = {isa = PBXBuildFile; fileRef = 3B7FCD07230C7A260032D248 /* Main.storyboard */; };
		3B7FCD0B230C7A270032D248 /* Assets.xcassets in Resources */ = {isa = PBXBuildFile; fileRef = 3B7FCD0A230C7A270032D248 /* Assets.xcassets */; };
		3B7FCD0E230C7A270032D248 /* LaunchScreen.storyboard in Resources */ = {isa = PBXBuildFile; fileRef = 3B7FCD0C230C7A270032D248 /* LaunchScreen.storyboard */; };
		3B85F64C2320490D0099F834 /* .gitignore in Resources */ = {isa = PBXBuildFile; fileRef = 3B85F64B2320490D0099F834 /* .gitignore */; };
		3B87E7C62315BDBF00A9F600 /* OpenDyslexic-Bold.otf in Resources */ = {isa = PBXBuildFile; fileRef = 3B87E7C52315BDBF00A9F600 /* OpenDyslexic-Bold.otf */; };
		3B87E7CA2315BDCC00A9F600 /* OpenDyslexic-BoldItalic.otf in Resources */ = {isa = PBXBuildFile; fileRef = 3B87E7C72315BDCC00A9F600 /* OpenDyslexic-BoldItalic.otf */; };
		3B87E7CB2315BDCC00A9F600 /* OpenDyslexic-Italic.otf in Resources */ = {isa = PBXBuildFile; fileRef = 3B87E7C82315BDCC00A9F600 /* OpenDyslexic-Italic.otf */; };
		3B87E7CC2315BDCC00A9F600 /* OpenDyslexic-Regular.otf in Resources */ = {isa = PBXBuildFile; fileRef = 3B87E7C92315BDCC00A9F600 /* OpenDyslexic-Regular.otf */; };
		3B87E7CE2315C0D800A9F600 /* Localizable.strings in Resources */ = {isa = PBXBuildFile; fileRef = 3B87E7CD2315C0D800A9F600 /* Localizable.strings */; };
/* End PBXBuildFile section */

/* Begin PBXFileReference section */
		3B0EB3D1231EF44C00938605 /* en */ = {isa = PBXFileReference; lastKnownFileType = text.plist.strings; name = en; path = en.lproj/Main.strings; sourceTree = "<group>"; };
		3B0EB3D2231EF44C00938605 /* en */ = {isa = PBXFileReference; lastKnownFileType = text.plist.strings; name = en; path = en.lproj/LaunchScreen.strings; sourceTree = "<group>"; };
		3B0EB3D7231EF80300938605 /* SignUpViewController.swift */ = {isa = PBXFileReference; lastKnownFileType = sourcecode.swift; path = SignUpViewController.swift; sourceTree = "<group>"; };
		3B0EB3DC231EFB0E00938605 /* Base */ = {isa = PBXFileReference; lastKnownFileType = file.storyboard; name = Base; path = Base.lproj/OnboardingStoryboard.storyboard; sourceTree = "<group>"; };
		3B0EB3DF231EFB1A00938605 /* en */ = {isa = PBXFileReference; lastKnownFileType = text.plist.strings; name = en; path = en.lproj/OnboardingStoryboard.strings; sourceTree = "<group>"; };
		3B7FCD00230C7A260032D248 /* Interstice.app */ = {isa = PBXFileReference; explicitFileType = wrapper.application; includeInIndex = 0; path = Interstice.app; sourceTree = BUILT_PRODUCTS_DIR; };
		3B7FCD03230C7A260032D248 /* AppDelegate.swift */ = {isa = PBXFileReference; lastKnownFileType = sourcecode.swift; path = AppDelegate.swift; sourceTree = "<group>"; };
		3B7FCD08230C7A260032D248 /* Base */ = {isa = PBXFileReference; lastKnownFileType = file.storyboard; name = Base; path = Base.lproj/Main.storyboard; sourceTree = "<group>"; };
		3B7FCD0A230C7A270032D248 /* Assets.xcassets */ = {isa = PBXFileReference; lastKnownFileType = folder.assetcatalog; path = Assets.xcassets; sourceTree = "<group>"; };
		3B7FCD0D230C7A270032D248 /* Base */ = {isa = PBXFileReference; lastKnownFileType = file.storyboard; name = Base; path = Base.lproj/LaunchScreen.storyboard; sourceTree = "<group>"; };
		3B7FCD0F230C7A270032D248 /* Info.plist */ = {isa = PBXFileReference; lastKnownFileType = text.plist.xml; path = Info.plist; sourceTree = "<group>"; };
		3B85F64B2320490D0099F834 /* .gitignore */ = {isa = PBXFileReference; lastKnownFileType = text; path = .gitignore; sourceTree = "<group>"; };
		3B87E7C52315BDBF00A9F600 /* OpenDyslexic-Bold.otf */ = {isa = PBXFileReference; lastKnownFileType = file; path = "OpenDyslexic-Bold.otf"; sourceTree = "<group>"; };
		3B87E7C72315BDCC00A9F600 /* OpenDyslexic-BoldItalic.otf */ = {isa = PBXFileReference; lastKnownFileType = file; path = "OpenDyslexic-BoldItalic.otf"; sourceTree = "<group>"; };
		3B87E7C82315BDCC00A9F600 /* OpenDyslexic-Italic.otf */ = {isa = PBXFileReference; lastKnownFileType = file; path = "OpenDyslexic-Italic.otf"; sourceTree = "<group>"; };
		3B87E7C92315BDCC00A9F600 /* OpenDyslexic-Regular.otf */ = {isa = PBXFileReference; lastKnownFileType = file; path = "OpenDyslexic-Regular.otf"; sourceTree = "<group>"; };
		3B87E7CD2315C0D800A9F600 /* Localizable.strings */ = {isa = PBXFileReference; lastKnownFileType = text.plist.strings; path = Localizable.strings; sourceTree = "<group>"; };
/* End PBXFileReference section */

/* Begin PBXFrameworksBuildPhase section */
		3B7FCCFD230C7A260032D248 /* Frameworks */ = {
			isa = PBXFrameworksBuildPhase;
			buildActionMask = 2147483647;
			files = (
			);
			runOnlyForDeploymentPostprocessing = 0;
		};
/* End PBXFrameworksBuildPhase section */

/* Begin PBXGroup section */
		3B0EB3E0231EFB8200938605 /* Storyboards */ = {
			isa = PBXGroup;
			children = (
				3B7FCD0C230C7A270032D248 /* LaunchScreen.storyboard */,
				3B7FCD07230C7A260032D248 /* Main.storyboard */,
				3B0EB3DD231EFB0E00938605 /* OnboardingStoryboard.storyboard */,
			);
			path = Storyboards;
			sourceTree = "<group>";
		};
		3B0EB3E1231EFBA100938605 /* Controllers */ = {
			isa = PBXGroup;
			children = (
				3B0EB3D7231EF80300938605 /* SignUpViewController.swift */,
			);
			path = Controllers;
			sourceTree = "<group>";
		};
		3B7FCCF7230C7A260032D248 = {
			isa = PBXGroup;
			children = (
				3B7FCD02230C7A260032D248 /* Interstice */,
				3B7FCD01230C7A260032D248 /* Products */,
			);
			sourceTree = "<group>";
		};
		3B7FCD01230C7A260032D248 /* Products */ = {
			isa = PBXGroup;
			children = (
				3B7FCD00230C7A260032D248 /* Interstice.app */,
			);
			name = Products;
			sourceTree = "<group>";
		};
		3B7FCD02230C7A260032D248 /* Interstice */ = {
			isa = PBXGroup;
			children = (
				3B0EB3E1231EFBA100938605 /* Controllers */,
				3B0EB3E0231EFB8200938605 /* Storyboards */,
				3B87E7C42315BD7900A9F600 /* fonts */,
				3B7FCD03230C7A260032D248 /* AppDelegate.swift */,
				3B7FCD0A230C7A270032D248 /* Assets.xcassets */,
				3B7FCD0F230C7A270032D248 /* Info.plist */,
				3B87E7CD2315C0D800A9F600 /* Localizable.strings */,
				3B85F64B2320490D0099F834 /* .gitignore */,
			);
			path = Interstice;
			sourceTree = "<group>";
		};
		3B87E7C42315BD7900A9F600 /* fonts */ = {
			isa = PBXGroup;
			children = (
				3B87E7C72315BDCC00A9F600 /* OpenDyslexic-BoldItalic.otf */,
				3B87E7C82315BDCC00A9F600 /* OpenDyslexic-Italic.otf */,
				3B87E7C92315BDCC00A9F600 /* OpenDyslexic-Regular.otf */,
				3B87E7C52315BDBF00A9F600 /* OpenDyslexic-Bold.otf */,
			);
			path = fonts;
			sourceTree = "<group>";
		};
/* End PBXGroup section */

/* Begin PBXNativeTarget section */
		3B7FCCFF230C7A260032D248 /* Interstice */ = {
			isa = PBXNativeTarget;
			buildConfigurationList = 3B7FCD12230C7A270032D248 /* Build configuration list for PBXNativeTarget "Interstice" */;
			buildPhases = (
				3B7FCCFC230C7A260032D248 /* Sources */,
				3B7FCCFD230C7A260032D248 /* Frameworks */,
				3B7FCCFE230C7A260032D248 /* Resources */,
			);
			buildRules = (
			);
			dependencies = (
			);
			name = Interstice;
			productName = Interstice;
			productReference = 3B7FCD00230C7A260032D248 /* Interstice.app */;
			productType = "com.apple.product-type.application";
		};
/* End PBXNativeTarget section */

/* Begin PBXProject section */
		3B7FCCF8230C7A260032D248 /* Project object */ = {
			isa = PBXProject;
			attributes = {
				LastSwiftUpdateCheck = 1030;
				LastUpgradeCheck = 1030;
				ORGANIZATIONNAME = StarSteppers;
				TargetAttributes = {
					3B7FCCFF230C7A260032D248 = {
						CreatedOnToolsVersion = 10.3;
					};
				};
			};
			buildConfigurationList = 3B7FCCFB230C7A260032D248 /* Build configuration list for PBXProject "Interstice" */;
			compatibilityVersion = "Xcode 9.3";
			developmentRegion = en;
			hasScannedForEncodings = 0;
			knownRegions = (
				Base,
				en,
			);
			mainGroup = 3B7FCCF7230C7A260032D248;
			productRefGroup = 3B7FCD01230C7A260032D248 /* Products */;
			projectDirPath = "";
			projectRoot = "";
			targets = (
				3B7FCCFF230C7A260032D248 /* Interstice */,
			);
		};
/* End PBXProject section */

/* Begin PBXResourcesBuildPhase section */
		3B7FCCFE230C7A260032D248 /* Resources */ = {
			isa = PBXResourcesBuildPhase;
			buildActionMask = 2147483647;
			files = (
				3B85F64C2320490D0099F834 /* .gitignore in Resources */,
				3B7FCD0E230C7A270032D248 /* LaunchScreen.storyboard in Resources */,
				3B87E7C62315BDBF00A9F600 /* OpenDyslexic-Bold.otf in Resources */,
				3B87E7CB2315BDCC00A9F600 /* OpenDyslexic-Italic.otf in Resources */,
				3B87E7CA2315BDCC00A9F600 /* OpenDyslexic-BoldItalic.otf in Resources */,
				3B7FCD0B230C7A270032D248 /* Assets.xcassets in Resources */,
				3B87E7CE2315C0D800A9F600 /* Localizable.strings in Resources */,
				3B0EB3DB231EFB0E00938605 /* OnboardingStoryboard.storyboard in Resources */,
				3B7FCD09230C7A260032D248 /* Main.storyboard in Resources */,
				3B87E7CC2315BDCC00A9F600 /* OpenDyslexic-Regular.otf in Resources */,
			);
			runOnlyForDeploymentPostprocessing = 0;
		};
/* End PBXResourcesBuildPhase section */

/* Begin PBXSourcesBuildPhase section */
		3B7FCCFC230C7A260032D248 /* Sources */ = {
			isa = PBXSourcesBuildPhase;
			buildActionMask = 2147483647;
			files = (
				3B0EB3D8231EF80300938605 /* SignUpViewController.swift in Sources */,
				3B7FCD04230C7A260032D248 /* AppDelegate.swift in Sources */,
			);
			runOnlyForDeploymentPostprocessing = 0;
		};
/* End PBXSourcesBuildPhase section */

/* Begin PBXVariantGroup section */
		3B0EB3DD231EFB0E00938605 /* OnboardingStoryboard.storyboard */ = {
			isa = PBXVariantGroup;
			children = (
				3B0EB3DC231EFB0E00938605 /* Base */,
				3B0EB3DF231EFB1A00938605 /* en */,
			);
			name = OnboardingStoryboard.storyboard;
			path = Interstice;
			sourceTree = "<group>";
		};
		3B7FCD07230C7A260032D248 /* Main.storyboard */ = {
			isa = PBXVariantGroup;
			children = (
				3B7FCD08230C7A260032D248 /* Base */,
				3B0EB3D1231EF44C00938605 /* en */,
			);
			name = Main.storyboard;
			sourceTree = "<group>";
		};
		3B7FCD0C230C7A270032D248 /* LaunchScreen.storyboard */ = {
			isa = PBXVariantGroup;
			children = (
				3B7FCD0D230C7A270032D248 /* Base */,
				3B0EB3D2231EF44C00938605 /* en */,
			);
			name = LaunchScreen.storyboard;
			sourceTree = "<group>";
		};
/* End PBXVariantGroup section */

/* Begin XCBuildConfiguration section */
		3B7FCD10230C7A270032D248 /* Debug */ = {
			isa = XCBuildConfiguration;
			buildSettings = {
				ALWAYS_SEARCH_USER_PATHS = NO;
				CLANG_ANALYZER_LOCALIZABILITY_NONLOCALIZED = YES;
				CLANG_ANALYZER_NONNULL = YES;
				CLANG_ANALYZER_NUMBER_OBJECT_CONVERSION = YES_AGGRESSIVE;
				CLANG_CXX_LANGUAGE_STANDARD = "gnu++14";
				CLANG_CXX_LIBRARY = "libc++";
				CLANG_ENABLE_MODULES = YES;
				CLANG_ENABLE_OBJC_ARC = YES;
				CLANG_ENABLE_OBJC_WEAK = YES;
				CLANG_WARN_BLOCK_CAPTURE_AUTORELEASING = YES;
				CLANG_WARN_BOOL_CONVERSION = YES;
				CLANG_WARN_COMMA = YES;
				CLANG_WARN_CONSTANT_CONVERSION = YES;
				CLANG_WARN_DEPRECATED_OBJC_IMPLEMENTATIONS = YES;
				CLANG_WARN_DIRECT_OBJC_ISA_USAGE = YES_ERROR;
				CLANG_WARN_DOCUMENTATION_COMMENTS = YES;
				CLANG_WARN_EMPTY_BODY = YES;
				CLANG_WARN_ENUM_CONVERSION = YES;
				CLANG_WARN_INFINITE_RECURSION = YES;
				CLANG_WARN_INT_CONVERSION = YES;
				CLANG_WARN_NON_LITERAL_NULL_CONVERSION = YES;
				CLANG_WARN_OBJC_IMPLICIT_RETAIN_SELF = YES;
				CLANG_WARN_OBJC_LITERAL_CONVERSION = YES;
				CLANG_WARN_OBJC_ROOT_CLASS = YES_ERROR;
				CLANG_WARN_RANGE_LOOP_ANALYSIS = YES;
				CLANG_WARN_STRICT_PROTOTYPES = YES;
				CLANG_WARN_SUSPICIOUS_MOVE = YES;
				CLANG_WARN_UNGUARDED_AVAILABILITY = YES_AGGRESSIVE;
				CLANG_WARN_UNREACHABLE_CODE = YES;
				CLANG_WARN__DUPLICATE_METHOD_MATCH = YES;
				CODE_SIGN_IDENTITY = "iPhone Developer";
				COPY_PHASE_STRIP = NO;
				DEBUG_INFORMATION_FORMAT = dwarf;
				ENABLE_STRICT_OBJC_MSGSEND = YES;
				ENABLE_TESTABILITY = YES;
				GCC_C_LANGUAGE_STANDARD = gnu11;
				GCC_DYNAMIC_NO_PIC = NO;
				GCC_NO_COMMON_BLOCKS = YES;
				GCC_OPTIMIZATION_LEVEL = 0;
				GCC_PREPROCESSOR_DEFINITIONS = (
					"DEBUG=1",
					"$(inherited)",
				);
				GCC_WARN_64_TO_32_BIT_CONVERSION = YES;
				GCC_WARN_ABOUT_RETURN_TYPE = YES_ERROR;
				GCC_WARN_UNDECLARED_SELECTOR = YES;
				GCC_WARN_UNINITIALIZED_AUTOS = YES_AGGRESSIVE;
				GCC_WARN_UNUSED_FUNCTION = YES;
				GCC_WARN_UNUSED_VARIABLE = YES;
				IPHONEOS_DEPLOYMENT_TARGET = 12.4;
				MTL_ENABLE_DEBUG_INFO = INCLUDE_SOURCE;
				MTL_FAST_MATH = YES;
				ONLY_ACTIVE_ARCH = YES;
				SDKROOT = iphoneos;
				SWIFT_ACTIVE_COMPILATION_CONDITIONS = DEBUG;
				SWIFT_OPTIMIZATION_LEVEL = "-Onone";
			};
			name = Debug;
		};
		3B7FCD11230C7A270032D248 /* Release */ = {
			isa = XCBuildConfiguration;
			buildSettings = {
				ALWAYS_SEARCH_USER_PATHS = NO;
				CLANG_ANALYZER_LOCALIZABILITY_NONLOCALIZED = YES;
				CLANG_ANALYZER_NONNULL = YES;
				CLANG_ANALYZER_NUMBER_OBJECT_CONVERSION = YES_AGGRESSIVE;
				CLANG_CXX_LANGUAGE_STANDARD = "gnu++14";
				CLANG_CXX_LIBRARY = "libc++";
				CLANG_ENABLE_MODULES = YES;
				CLANG_ENABLE_OBJC_ARC = YES;
				CLANG_ENABLE_OBJC_WEAK = YES;
				CLANG_WARN_BLOCK_CAPTURE_AUTORELEASING = YES;
				CLANG_WARN_BOOL_CONVERSION = YES;
				CLANG_WARN_COMMA = YES;
				CLANG_WARN_CONSTANT_CONVERSION = YES;
				CLANG_WARN_DEPRECATED_OBJC_IMPLEMENTATIONS = YES;
				CLANG_WARN_DIRECT_OBJC_ISA_USAGE = YES_ERROR;
				CLANG_WARN_DOCUMENTATION_COMMENTS = YES;
				CLANG_WARN_EMPTY_BODY = YES;
				CLANG_WARN_ENUM_CONVERSION = YES;
				CLANG_WARN_INFINITE_RECURSION = YES;
				CLANG_WARN_INT_CONVERSION = YES;
				CLANG_WARN_NON_LITERAL_NULL_CONVERSION = YES;
				CLANG_WARN_OBJC_IMPLICIT_RETAIN_SELF = YES;
				CLANG_WARN_OBJC_LITERAL_CONVERSION = YES;
				CLANG_WARN_OBJC_ROOT_CLASS = YES_ERROR;
				CLANG_WARN_RANGE_LOOP_ANALYSIS = YES;
				CLANG_WARN_STRICT_PROTOTYPES = YES;
				CLANG_WARN_SUSPICIOUS_MOVE = YES;
				CLANG_WARN_UNGUARDED_AVAILABILITY = YES_AGGRESSIVE;
				CLANG_WARN_UNREACHABLE_CODE = YES;
				CLANG_WARN__DUPLICATE_METHOD_MATCH = YES;
				CODE_SIGN_IDENTITY = "iPhone Developer";
				COPY_PHASE_STRIP = NO;
				DEBUG_INFORMATION_FORMAT = "dwarf-with-dsym";
				ENABLE_NS_ASSERTIONS = NO;
				ENABLE_STRICT_OBJC_MSGSEND = YES;
				GCC_C_LANGUAGE_STANDARD = gnu11;
				GCC_NO_COMMON_BLOCKS = YES;
				GCC_WARN_64_TO_32_BIT_CONVERSION = YES;
				GCC_WARN_ABOUT_RETURN_TYPE = YES_ERROR;
				GCC_WARN_UNDECLARED_SELECTOR = YES;
				GCC_WARN_UNINITIALIZED_AUTOS = YES_AGGRESSIVE;
				GCC_WARN_UNUSED_FUNCTION = YES;
				GCC_WARN_UNUSED_VARIABLE = YES;
				IPHONEOS_DEPLOYMENT_TARGET = 12.4;
				MTL_ENABLE_DEBUG_INFO = NO;
				MTL_FAST_MATH = YES;
				SDKROOT = iphoneos;
				SWIFT_COMPILATION_MODE = wholemodule;
				SWIFT_OPTIMIZATION_LEVEL = "-O";
				VALIDATE_PRODUCT = YES;
			};
			name = Release;
		};
		3B7FCD13230C7A270032D248 /* Debug */ = {
			isa = XCBuildConfiguration;
			buildSettings = {
				ASSETCATALOG_COMPILER_APPICON_NAME = AppIcon;
				CODE_SIGN_STYLE = Automatic;
				INFOPLIST_FILE = Interstice/Info.plist;
				LD_RUNPATH_SEARCH_PATHS = (
					"$(inherited)",
					"@executable_path/Frameworks",
				);
				PRODUCT_BUNDLE_IDENTIFIER = com.StarSteppers.Interstice;
				PRODUCT_NAME = "$(TARGET_NAME)";
				SWIFT_VERSION = 5.0;
				TARGETED_DEVICE_FAMILY = "1,2";
			};
			name = Debug;
		};
		3B7FCD14230C7A270032D248 /* Release */ = {
			isa = XCBuildConfiguration;
			buildSettings = {
				ASSETCATALOG_COMPILER_APPICON_NAME = AppIcon;
				CODE_SIGN_STYLE = Automatic;
				INFOPLIST_FILE = Interstice/Info.plist;
				LD_RUNPATH_SEARCH_PATHS = (
					"$(inherited)",
					"@executable_path/Frameworks",
				);
				PRODUCT_BUNDLE_IDENTIFIER = com.StarSteppers.Interstice;
				PRODUCT_NAME = "$(TARGET_NAME)";
				SWIFT_VERSION = 5.0;
				TARGETED_DEVICE_FAMILY = "1,2";
			};
			name = Release;
		};
/* End XCBuildConfiguration section */

/* Begin XCConfigurationList section */
		3B7FCCFB230C7A260032D248 /* Build configuration list for PBXProject "Interstice" */ = {
			isa = XCConfigurationList;
			buildConfigurations = (
				3B7FCD10230C7A270032D248 /* Debug */,
				3B7FCD11230C7A270032D248 /* Release */,
			);
			defaultConfigurationIsVisible = 0;
			defaultConfigurationName = Release;
		};
		3B7FCD12230C7A270032D248 /* Build configuration list for PBXNativeTarget "Interstice" */ = {
			isa = XCConfigurationList;
			buildConfigurations = (
				3B7FCD13230C7A270032D248 /* Debug */,
				3B7FCD14230C7A270032D248 /* Release */,
			);
			defaultConfigurationIsVisible = 0;
			defaultConfigurationName = Release;
		};
/* End XCConfigurationList section */
	};
	rootObject = 3B7FCCF8230C7A260032D248 /* Project object */;
}
